
Microsoft Visual Studio Solution File, Format Version 12.00
# Visual Studio 15
VisualStudioVersion = 15.0.28307.136
MinimumVisualStudioVersion = 10.0.40219.1
Project("{FAE04EC0-301F-11D3-BF4B-00C04F79EFBC}") = "Phoneword.Android", "Phoneword\Phoneword.Android\Phoneword.Android.csproj", "{807D038D-8C63-448F-9878-9964453D2C23}"
EndProject
Project("{FAE04EC0-301F-11D3-BF4B-00C04F79EFBC}") = "Phoneword.iOS", "Phoneword\Phoneword.iOS\Phoneword.iOS.csproj", "{71A6125E-44BD-4EDB-BA19-3C1BCF74C120}"
EndProject
Project("{FAE04EC0-301F-11D3-BF4B-00C04F79EFBC}") = "Phoneword.UWP", "Phoneword\Phoneword.UWP\Phoneword.UWP.csproj", "{8626AC10-E83F-496D-9F7B-EFE0168B10C2}"
EndProject
Project("{9A19103F-16F7-4668-BE54-9A1E7A4F7556}") = "Phoneword", "Phoneword\Phoneword\Phoneword.csproj", "{B104FD4C-7E51-425B-B248-EFFC14B5AD61}"
EndProject
Global
	GlobalSection(SolutionConfigurationPlatforms) = preSolution
		Ad-Hoc|Any CPU = Ad-Hoc|Any CPU
		Ad-Hoc|ARM = Ad-Hoc|ARM
		Ad-Hoc|iPhone = Ad-Hoc|iPhone
		Ad-Hoc|iPhoneSimulator = Ad-Hoc|iPhoneSimulator
		Ad-Hoc|x64 = Ad-Hoc|x64
		Ad-Hoc|x86 = Ad-Hoc|x86
		AppStore|Any CPU = AppStore|Any CPU
		AppStore|ARM = AppStore|ARM
		AppStore|iPhone = AppStore|iPhone
		AppStore|iPhoneSimulator = AppStore|iPhoneSimulator
		AppStore|x64 = AppStore|x64
		AppStore|x86 = AppStore|x86
		Debug|Any CPU = Debug|Any CPU
		Debug|ARM = Debug|ARM
		Debug|iPhone = Debug|iPhone
		Debug|iPhoneSimulator = Debug|iPhoneSimulator
		Debug|x64 = Debug|x64
		Debug|x86 = Debug|x86
		Release|Any CPU = Release|Any CPU
		Release|ARM = Release|ARM
		Release|iPhone = Release|iPhone
		Release|iPhoneSimulator = Release|iPhoneSimulator
		Release|x64 = Release|x64
		Release|x86 = Release|x86
	EndGlobalSection
	GlobalSection(ProjectConfigurationPlatforms) = postSolution
		{807D038D-8C63-448F-9878-9964453D2C23}.Ad-Hoc|Any CPU.ActiveCfg = Release|Any CPU
		{807D038D-8C63-448F-9878-9964453D2C23}.Ad-Hoc|Any CPU.Build.0 = Release|Any CPU
		{807D038D-8C63-448F-9878-9964453D2C23}.Ad-Hoc|Any CPU.Deploy.0 = Release|Any CPU
		{807D038D-8C63-448F-9878-9964453D2C23}.Ad-Hoc|ARM.ActiveCfg = Release|Any CPU
		{807D038D-8C63-448F-9878-9964453D2C23}.Ad-Hoc|ARM.Build.0 = Release|Any CPU
		{807D038D-8C63-448F-9878-9964453D2C23}.Ad-Hoc|ARM.Deploy.0 = Release|Any CPU
		{807D038D-8C63-448F-9878-9964453D2C23}.Ad-Hoc|iPhone.ActiveCfg = Release|Any CPU
		{807D038D-8C63-448F-9878-9964453D2C23}.Ad-Hoc|iPhone.Build.0 = Release|Any CPU
		{807D038D-8C63-448F-9878-9964453D2C23}.Ad-Hoc|iPhone.Deploy.0 = Release|Any CPU
		{807D038D-8C63-448F-9878-9964453D2C23}.Ad-Hoc|iPhoneSimulator.ActiveCfg = Release|Any CPU
		{807D038D-8C63-448F-9878-9964453D2C23}.Ad-Hoc|iPhoneSimulator.Build.0 = Release|Any CPU
		{807D038D-8C63-448F-9878-9964453D2C23}.Ad-Hoc|iPhoneSimulator.Deploy.0 = Release|Any CPU
		{807D038D-8C63-448F-9878-9964453D2C23}.Ad-Hoc|x64.ActiveCfg = Release|Any CPU
		{807D038D-8C63-448F-9878-9964453D2C23}.Ad-Hoc|x64.Build.0 = Release|Any CPU
		{807D038D-8C63-448F-9878-9964453D2C23}.Ad-Hoc|x64.Deploy.0 = Release|Any CPU
		{807D038D-8C63-448F-9878-9964453D2C23}.Ad-Hoc|x86.ActiveCfg = Release|Any CPU
		{807D038D-8C63-448F-9878-9964453D2C23}.Ad-Hoc|x86.Build.0 = Release|Any CPU
		{807D038D-8C63-448F-9878-9964453D2C23}.Ad-Hoc|x86.Deploy.0 = Release|Any CPU
		{807D038D-8C63-448F-9878-9964453D2C23}.AppStore|Any CPU.ActiveCfg = Release|Any CPU
		{807D038D-8C63-448F-9878-9964453D2C23}.AppStore|Any CPU.Build.0 = Release|Any CPU
		{807D038D-8C63-448F-9878-9964453D2C23}.AppStore|Any CPU.Deploy.0 = Release|Any CPU
		{807D038D-8C63-448F-9878-9964453D2C23}.AppStore|ARM.ActiveCfg = Release|Any CPU
		{807D038D-8C63-448F-9878-9964453D2C23}.AppStore|ARM.Build.0 = Release|Any CPU
		{807D038D-8C63-448F-9878-9964453D2C23}.AppStore|ARM.Deploy.0 = Release|Any CPU
		{807D038D-8C63-448F-9878-9964453D2C23}.AppStore|iPhone.ActiveCfg = Release|Any CPU
		{807D038D-8C63-448F-9878-9964453D2C23}.AppStore|iPhone.Build.0 = Release|Any CPU
		{807D038D-8C63-448F-9878-9964453D2C23}.AppStore|iPhone.Deploy.0 = Release|Any CPU
		{807D038D-8C63-448F-9878-9964453D2C23}.AppStore|iPhoneSimulator.ActiveCfg = Release|Any CPU
		{807D038D-8C63-448F-9878-9964453D2C23}.AppStore|iPhoneSimulator.Build.0 = Release|Any CPU
		{807D038D-8C63-448F-9878-9964453D2C23}.AppStore|iPhoneSimulator.Deploy.0 = Release|Any CPU
		{807D038D-8C63-448F-9878-9964453D2C23}.AppStore|x64.ActiveCfg = Release|Any CPU
		{807D038D-8C63-448F-9878-9964453D2C23}.AppStore|x64.Build.0 = Release|Any CPU
		{807D038D-8C63-448F-9878-9964453D2C23}.AppStore|x64.Deploy.0 = Release|Any CPU
		{807D038D-8C63-448F-9878-9964453D2C23}.AppStore|x86.ActiveCfg = Release|Any CPU
		{807D038D-8C63-448F-9878-9964453D2C23}.AppStore|x86.Build.0 = Release|Any CPU
		{807D038D-8C63-448F-9878-9964453D2C23}.AppStore|x86.Deploy.0 = Release|Any CPU
		{807D038D-8C63-448F-9878-9964453D2C23}.Debug|Any CPU.ActiveCfg = Debug|Any CPU
		{807D038D-8C63-448F-9878-9964453D2C23}.Debug|Any CPU.Build.0 = Debug|Any CPU
		{807D038D-8C63-448F-9878-9964453D2C23}.Debug|Any CPU.Deploy.0 = Debug|Any CPU
		{807D038D-8C63-448F-9878-9964453D2C23}.Debug|ARM.ActiveCfg = Debug|Any CPU
		{807D038D-8C63-448F-9878-9964453D2C23}.Debug|ARM.Build.0 = Debug|Any CPU
		{807D038D-8C63-448F-9878-9964453D2C23}.Debug|ARM.Deploy.0 = Debug|Any CPU
		{807D038D-8C63-448F-9878-9964453D2C23}.Debug|iPhone.ActiveCfg = Debug|Any CPU
		{807D038D-8C63-448F-9878-9964453D2C23}.Debug|iPhone.Build.0 = Debug|Any CPU
		{807D038D-8C63-448F-9878-9964453D2C23}.Debug|iPhone.Deploy.0 = Debug|Any CPU
		{807D038D-8C63-448F-9878-9964453D2C23}.Debug|iPhoneSimulator.ActiveCfg = Debug|Any CPU
		{807D038D-8C63-448F-9878-9964453D2C23}.Debug|iPhoneSimulator.Build.0 = Debug|Any CPU
		{807D038D-8C63-448F-9878-9964453D2C23}.Debug|iPhoneSimulator.Deploy.0 = Debug|Any CPU
		{807D038D-8C63-448F-9878-9964453D2C23}.Debug|x64.ActiveCfg = Debug|Any CPU
		{807D038D-8C63-448F-9878-9964453D2C23}.Debug|x64.Build.0 = Debug|Any CPU
		{807D038D-8C63-448F-9878-9964453D2C23}.Debug|x64.Deploy.0 = Debug|Any CPU
		{807D038D-8C63-448F-9878-9964453D2C23}.Debug|x86.ActiveCfg = Debug|Any CPU
		{807D038D-8C63-448F-9878-9964453D2C23}.Debug|x86.Build.0 = Debug|Any CPU
		{807D038D-8C63-448F-9878-9964453D2C23}.Debug|x86.Deploy.0 = Debug|Any CPU
		{807D038D-8C63-448F-9878-9964453D2C23}.Release|Any CPU.ActiveCfg = Release|Any CPU
		{807D038D-8C63-448F-9878-9964453D2C23}.Release|Any CPU.Build.0 = Release|Any CPU
		{807D038D-8C63-448F-9878-9964453D2C23}.Release|Any CPU.Deploy.0 = Release|Any CPU
		{807D038D-8C63-448F-9878-9964453D2C23}.Release|ARM.ActiveCfg = Release|Any CPU
		{807D038D-8C63-448F-9878-9964453D2C23}.Release|ARM.Build.0 = Release|Any CPU
		{807D038D-8C63-448F-9878-9964453D2C23}.Release|ARM.Deploy.0 = Release|Any CPU
		{807D038D-8C63-448F-9878-9964453D2C23}.Release|iPhone.ActiveCfg = Release|Any CPU
		{807D038D-8C63-448F-9878-9964453D2C23}.Release|iPhone.Build.0 = Release|Any CPU
		{807D038D-8C63-448F-9878-9964453D2C23}.Release|iPhone.Deploy.0 = Release|Any CPU
		{807D038D-8C63-448F-9878-9964453D2C23}.Release|iPhoneSimulator.ActiveCfg = Release|Any CPU
		{807D038D-8C63-448F-9878-9964453D2C23}.Release|iPhoneSimulator.Build.0 = Release|Any CPU
		{807D038D-8C63-448F-9878-9964453D2C23}.Release|iPhoneSimulator.Deploy.0 = Release|Any CPU
		{807D038D-8C63-448F-9878-9964453D2C23}.Release|x64.ActiveCfg = Release|Any CPU
		{807D038D-8C63-448F-9878-9964453D2C23}.Release|x64.Build.0 = Release|Any CPU
		{807D038D-8C63-448F-9878-9964453D2C23}.Release|x64.Deploy.0 = Release|Any CPU
		{807D038D-8C63-448F-9878-9964453D2C23}.Release|x86.ActiveCfg = Release|Any CPU
		{807D038D-8C63-448F-9878-9964453D2C23}.Release|x86.Build.0 = Release|Any CPU
		{807D038D-8C63-448F-9878-9964453D2C23}.Release|x86.Deploy.0 = Release|Any CPU
		{71A6125E-44BD-4EDB-BA19-3C1BCF74C120}.Ad-Hoc|Any CPU.ActiveCfg = Ad-Hoc|iPhone
		{71A6125E-44BD-4EDB-BA19-3C1BCF74C120}.Ad-Hoc|Any CPU.Build.0 = Ad-Hoc|iPhone
		{71A6125E-44BD-4EDB-BA19-3C1BCF74C120}.Ad-Hoc|Any CPU.Deploy.0 = Ad-Hoc|iPhone
		{71A6125E-44BD-4EDB-BA19-3C1BCF74C120}.Ad-Hoc|ARM.ActiveCfg = Ad-Hoc|iPhone
		{71A6125E-44BD-4EDB-BA19-3C1BCF74C120}.Ad-Hoc|ARM.Build.0 = Ad-Hoc|iPhone
		{71A6125E-44BD-4EDB-BA19-3C1BCF74C120}.Ad-Hoc|ARM.Deploy.0 = Ad-Hoc|iPhone
		{71A6125E-44BD-4EDB-BA19-3C1BCF74C120}.Ad-Hoc|iPhone.ActiveCfg = Ad-Hoc|iPhone
		{71A6125E-44BD-4EDB-BA19-3C1BCF74C120}.Ad-Hoc|iPhone.Build.0 = Ad-Hoc|iPhone
		{71A6125E-44BD-4EDB-BA19-3C1BCF74C120}.Ad-Hoc|iPhone.Deploy.0 = Ad-Hoc|iPhone
		{71A6125E-44BD-4EDB-BA19-3C1BCF74C120}.Ad-Hoc|iPhoneSimulator.ActiveCfg = Ad-Hoc|iPhoneSimulator
		{71A6125E-44BD-4EDB-BA19-3C1BCF74C120}.Ad-Hoc|iPhoneSimulator.Build.0 = Ad-Hoc|iPhoneSimulator
		{71A6125E-44BD-4EDB-BA19-3C1BCF74C120}.Ad-Hoc|iPhoneSimulator.Deploy.0 = Ad-Hoc|iPhoneSimulator
		{71A6125E-44BD-4EDB-BA19-3C1BCF74C120}.Ad-Hoc|x64.ActiveCfg = Ad-Hoc|iPhone
		{71A6125E-44BD-4EDB-BA19-3C1BCF74C120}.Ad-Hoc|x64.Build.0 = Ad-Hoc|iPhone
		{71A6125E-44BD-4EDB-BA19-3C1BCF74C120}.Ad-Hoc|x64.Deploy.0 = Ad-Hoc|iPhone
		{71A6125E-44BD-4EDB-BA19-3C1BCF74C120}.Ad-Hoc|x86.ActiveCfg = Ad-Hoc|iPhone
		{71A6125E-44BD-4EDB-BA19-3C1BCF74C120}.Ad-Hoc|x86.Build.0 = Ad-Hoc|iPhone
		{71A6125E-44BD-4EDB-BA19-3C1BCF74C120}.Ad-Hoc|x86.Deploy.0 = Ad-Hoc|iPhone
		{71A6125E-44BD-4EDB-BA19-3C1BCF74C120}.AppStore|Any CPU.ActiveCfg = AppStore|iPhone
		{71A6125E-44BD-4EDB-BA19-3C1BCF74C120}.AppStore|Any CPU.Build.0 = AppStore|iPhone
		{71A6125E-44BD-4EDB-BA19-3C1BCF74C120}.AppStore|Any CPU.Deploy.0 = AppStore|iPhone
		{71A6125E-44BD-4EDB-BA19-3C1BCF74C120}.AppStore|ARM.ActiveCfg = AppStore|iPhone
		{71A6125E-44BD-4EDB-BA19-3C1BCF74C120}.AppStore|ARM.Build.0 = AppStore|iPhone
		{71A6125E-44BD-4EDB-BA19-3C1BCF74C120}.AppStore|ARM.Deploy.0 = AppStore|iPhone
		{71A6125E-44BD-4EDB-BA19-3C1BCF74C120}.AppStore|iPhone.ActiveCfg = AppStore|iPhone
		{71A6125E-44BD-4EDB-BA19-3C1BCF74C120}.AppStore|iPhone.Build.0 = AppStore|iPhone
		{71A6125E-44BD-4EDB-BA19-3C1BCF74C120}.AppStore|iPhone.Deploy.0 = AppStore|iPhone
		{71A6125E-44BD-4EDB-BA19-3C1BCF74C120}.AppStore|iPhoneSimulator.ActiveCfg = AppStore|iPhoneSimulator
		{71A6125E-44BD-4EDB-BA19-3C1BCF74C120}.AppStore|iPhoneSimulator.Build.0 = AppStore|iPhoneSimulator
		{71A6125E-44BD-4EDB-BA19-3C1BCF74C120}.AppStore|iPhoneSimulator.Deploy.0 = AppStore|iPhoneSimulator
		{71A6125E-44BD-4EDB-BA19-3C1BCF74C120}.AppStore|x64.ActiveCfg = AppStore|iPhone
		{71A6125E-44BD-4EDB-BA19-3C1BCF74C120}.AppStore|x64.Build.0 = AppStore|iPhone
		{71A6125E-44BD-4EDB-BA19-3C1BCF74C120}.AppStore|x64.Deploy.0 = AppStore|iPhone
		{71A6125E-44BD-4EDB-BA19-3C1BCF74C120}.AppStore|x86.ActiveCfg = AppStore|iPhone
		{71A6125E-44BD-4EDB-BA19-3C1BCF74C120}.AppStore|x86.Build.0 = AppStore|iPhone
		{71A6125E-44BD-4EDB-BA19-3C1BCF74C120}.AppStore|x86.Deploy.0 = AppStore|iPhone
		{71A6125E-44BD-4EDB-BA19-3C1BCF74C120}.Debug|Any CPU.ActiveCfg = Debug|iPhoneSimulator
		{71A6125E-44BD-4EDB-BA19-3C1BCF74C120}.Debug|Any CPU.Build.0 = Debug|iPhoneSimulator
		{71A6125E-44BD-4EDB-BA19-3C1BCF74C120}.Debug|Any CPU.Deploy.0 = Debug|iPhoneSimulator
		{71A6125E-44BD-4EDB-BA19-3C1BCF74C120}.Debug|ARM.ActiveCfg = Debug|iPhone
		{71A6125E-44BD-4EDB-BA19-3C1BCF74C120}.Debug|ARM.Build.0 = Debug|iPhone
		{71A6125E-44BD-4EDB-BA19-3C1BCF74C120}.Debug|ARM.Deploy.0 = Debug|iPhone
		{71A6125E-44BD-4EDB-BA19-3C1BCF74C120}.Debug|iPhone.ActiveCfg = Debug|iPhone
		{71A6125E-44BD-4EDB-BA19-3C1BCF74C120}.Debug|iPhone.Build.0 = Debug|iPhone
		{71A6125E-44BD-4EDB-BA19-3C1BCF74C120}.Debug|iPhone.Deploy.0 = Debug|iPhone
		{71A6125E-44BD-4EDB-BA19-3C1BCF74C120}.Debug|iPhoneSimulator.ActiveCfg = Debug|iPhoneSimulator
		{71A6125E-44BD-4EDB-BA19-3C1BCF74C120}.Debug|iPhoneSimulator.Build.0 = Debug|iPhoneSimulator
		{71A6125E-44BD-4EDB-BA19-3C1BCF74C120}.Debug|iPhoneSimulator.Deploy.0 = Debug|iPhoneSimulator
		{71A6125E-44BD-4EDB-BA19-3C1BCF74C120}.Debug|x64.ActiveCfg = Debug|iPhone
		{71A6125E-44BD-4EDB-BA19-3C1BCF74C120}.Debug|x64.Build.0 = Debug|iPhone
		{71A6125E-44BD-4EDB-BA19-3C1BCF74C120}.Debug|x64.Deploy.0 = Debug|iPhone
		{71A6125E-44BD-4EDB-BA19-3C1BCF74C120}.Debug|x86.ActiveCfg = Debug|iPhone
		{71A6125E-44BD-4EDB-BA19-3C1BCF74C120}.Debug|x86.Build.0 = Debug|iPhone
		{71A6125E-44BD-4EDB-BA19-3C1BCF74C120}.Debug|x86.Deploy.0 = Debug|iPhone
		{71A6125E-44BD-4EDB-BA19-3C1BCF74C120}.Release|Any CPU.ActiveCfg = Release|iPhone
		{71A6125E-44BD-4EDB-BA19-3C1BCF74C120}.Release|Any CPU.Build.0 = Release|iPhone
		{71A6125E-44BD-4EDB-BA19-3C1BCF74C120}.Release|Any CPU.Deploy.0 = Release|iPhone
		{71A6125E-44BD-4EDB-BA19-3C1BCF74C120}.Release|ARM.ActiveCfg = Release|iPhone
		{71A6125E-44BD-4EDB-BA19-3C1BCF74C120}.Release|ARM.Build.0 = Release|iPhone
		{71A6125E-44BD-4EDB-BA19-3C1BCF74C120}.Release|ARM.Deploy.0 = Release|iPhone
		{71A6125E-44BD-4EDB-BA19-3C1BCF74C120}.Release|iPhone.ActiveCfg = Release|iPhone
		{71A6125E-44BD-4EDB-BA19-3C1BCF74C120}.Release|iPhone.Build.0 = Release|iPhone
		{71A6125E-44BD-4EDB-BA19-3C1BCF74C120}.Release|iPhone.Deploy.0 = Release|iPhone
		{71A6125E-44BD-4EDB-BA19-3C1BCF74C120}.Release|iPhoneSimulator.ActiveCfg = Release|iPhoneSimulator
		{71A6125E-44BD-4EDB-BA19-3C1BCF74C120}.Release|iPhoneSimulator.Build.0 = Release|iPhoneSimulator
		{71A6125E-44BD-4EDB-BA19-3C1BCF74C120}.Release|iPhoneSimulator.Deploy.0 = Release|iPhoneSimulator
		{71A6125E-44BD-4EDB-BA19-3C1BCF74C120}.Release|x64.ActiveCfg = Release|iPhone
		{71A6125E-44BD-4EDB-BA19-3C1BCF74C120}.Release|x64.Build.0 = Release|iPhone
		{71A6125E-44BD-4EDB-BA19-3C1BCF74C120}.Release|x64.Deploy.0 = Release|iPhone
		{71A6125E-44BD-4EDB-BA19-3C1BCF74C120}.Release|x86.ActiveCfg = Release|iPhone
		{71A6125E-44BD-4EDB-BA19-3C1BCF74C120}.Release|x86.Build.0 = Release|iPhone
		{71A6125E-44BD-4EDB-BA19-3C1BCF74C120}.Release|x86.Deploy.0 = Release|iPhone
		{8626AC10-E83F-496D-9F7B-EFE0168B10C2}.Ad-Hoc|Any CPU.ActiveCfg = Release|x86
		{8626AC10-E83F-496D-9F7B-EFE0168B10C2}.Ad-Hoc|Any CPU.Build.0 = Release|x86
		{8626AC10-E83F-496D-9F7B-EFE0168B10C2}.Ad-Hoc|Any CPU.Deploy.0 = Release|x86
		{8626AC10-E83F-496D-9F7B-EFE0168B10C2}.Ad-Hoc|ARM.ActiveCfg = Release|ARM
		{8626AC10-E83F-496D-9F7B-EFE0168B10C2}.Ad-Hoc|ARM.Build.0 = Release|ARM
		{8626AC10-E83F-496D-9F7B-EFE0168B10C2}.Ad-Hoc|ARM.Deploy.0 = Release|ARM
		{8626AC10-E83F-496D-9F7B-EFE0168B10C2}.Ad-Hoc|iPhone.ActiveCfg = Release|x86
		{8626AC10-E83F-496D-9F7B-EFE0168B10C2}.Ad-Hoc|iPhone.Build.0 = Release|x86
		{8626AC10-E83F-496D-9F7B-EFE0168B10C2}.Ad-Hoc|iPhone.Deploy.0 = Release|x86
		{8626AC10-E83F-496D-9F7B-EFE0168B10C2}.Ad-Hoc|iPhoneSimulator.ActiveCfg = Release|x86
		{8626AC10-E83F-496D-9F7B-EFE0168B10C2}.Ad-Hoc|iPhoneSimulator.Build.0 = Release|x86
		{8626AC10-E83F-496D-9F7B-EFE0168B10C2}.Ad-Hoc|iPhoneSimulator.Deploy.0 = Release|x86
		{8626AC10-E83F-496D-9F7B-EFE0168B10C2}.Ad-Hoc|x64.ActiveCfg = Release|x64
		{8626AC10-E83F-496D-9F7B-EFE0168B10C2}.Ad-Hoc|x64.Build.0 = Release|x64
		{8626AC10-E83F-496D-9F7B-EFE0168B10C2}.Ad-Hoc|x64.Deploy.0 = Release|x64
		{8626AC10-E83F-496D-9F7B-EFE0168B10C2}.Ad-Hoc|x86.ActiveCfg = Release|x86
		{8626AC10-E83F-496D-9F7B-EFE0168B10C2}.Ad-Hoc|x86.Build.0 = Release|x86
		{8626AC10-E83F-496D-9F7B-EFE0168B10C2}.Ad-Hoc|x86.Deploy.0 = Release|x86
		{8626AC10-E83F-496D-9F7B-EFE0168B10C2}.AppStore|Any CPU.ActiveCfg = Release|x86
		{8626AC10-E83F-496D-9F7B-EFE0168B10C2}.AppStore|Any CPU.Build.0 = Release|x86
		{8626AC10-E83F-496D-9F7B-EFE0168B10C2}.AppStore|Any CPU.Deploy.0 = Release|x86
		{8626AC10-E83F-496D-9F7B-EFE0168B10C2}.AppStore|ARM.ActiveCfg = Release|ARM
		{8626AC10-E83F-496D-9F7B-EFE0168B10C2}.AppStore|ARM.Build.0 = Release|ARM
		{8626AC10-E83F-496D-9F7B-EFE0168B10C2}.AppStore|ARM.Deploy.0 = Release|ARM
		{8626AC10-E83F-496D-9F7B-EFE0168B10C2}.AppStore|iPhone.ActiveCfg = Release|x86
		{8626AC10-E83F-496D-9F7B-EFE0168B10C2}.AppStore|iPhone.Build.0 = Release|x86
		{8626AC10-E83F-496D-9F7B-EFE0168B10C2}.AppStore|iPhone.Deploy.0 = Release|x86
		{8626AC10-E83F-496D-9F7B-EFE0168B10C2}.AppStore|iPhoneSimulator.ActiveCfg = Release|x86
		{8626AC10-E83F-496D-9F7B-EFE0168B10C2}.AppStore|iPhoneSimulator.Build.0 = Release|x86
		{8626AC10-E83F-496D-9F7B-EFE0168B10C2}.AppStore|iPhoneSimulator.Deploy.0 = Release|x86
		{8626AC10-E83F-496D-9F7B-EFE0168B10C2}.AppStore|x64.ActiveCfg = Release|x64
		{8626AC10-E83F-496D-9F7B-EFE0168B10C2}.AppStore|x64.Build.0 = Release|x64
		{8626AC10-E83F-496D-9F7B-EFE0168B10C2}.AppStore|x64.Deploy.0 = Release|x64
		{8626AC10-E83F-496D-9F7B-EFE0168B10C2}.AppStore|x86.ActiveCfg = Release|x86
		{8626AC10-E83F-496D-9F7B-EFE0168B10C2}.AppStore|x86.Build.0 = Release|x86
		{8626AC10-E83F-496D-9F7B-EFE0168B10C2}.AppStore|x86.Deploy.0 = Release|x86
		{8626AC10-E83F-496D-9F7B-EFE0168B10C2}.Debug|Any CPU.ActiveCfg = Debug|x86
		{8626AC10-E83F-496D-9F7B-EFE0168B10C2}.Debug|Any CPU.Build.0 = Debug|x86
		{8626AC10-E83F-496D-9F7B-EFE0168B10C2}.Debug|Any CPU.Deploy.0 = Debug|x86
		{8626AC10-E83F-496D-9F7B-EFE0168B10C2}.Debug|ARM.ActiveCfg = Debug|ARM
		{8626AC10-E83F-496D-9F7B-EFE0168B10C2}.Debug|ARM.Build.0 = Debug|ARM
		{8626AC10-E83F-496D-9F7B-EFE0168B10C2}.Debug|ARM.Deploy.0 = Debug|ARM
		{8626AC10-E83F-496D-9F7B-EFE0168B10C2}.Debug|iPhone.ActiveCfg = Debug|x86
		{8626AC10-E83F-496D-9F7B-EFE0168B10C2}.Debug|iPhone.Build.0 = Debug|x86
		{8626AC10-E83F-496D-9F7B-EFE0168B10C2}.Debug|iPhone.Deploy.0 = Debug|x86
		{8626AC10-E83F-496D-9F7B-EFE0168B10C2}.Debug|iPhoneSimulator.ActiveCfg = Debug|x86
		{8626AC10-E83F-496D-9F7B-EFE0168B10C2}.Debug|iPhoneSimulator.Build.0 = Debug|x86
		{8626AC10-E83F-496D-9F7B-EFE0168B10C2}.Debug|iPhoneSimulator.Deploy.0 = Debug|x86
		{8626AC10-E83F-496D-9F7B-EFE0168B10C2}.Debug|x64.ActiveCfg = Debug|x64
		{8626AC10-E83F-496D-9F7B-EFE0168B10C2}.Debug|x64.Build.0 = Debug|x64
		{8626AC10-E83F-496D-9F7B-EFE0168B10C2}.Debug|x64.Deploy.0 = Debug|x64
		{8626AC10-E83F-496D-9F7B-EFE0168B10C2}.Debug|x86.ActiveCfg = Debug|x86
		{8626AC10-E83F-496D-9F7B-EFE0168B10C2}.Debug|x86.Build.0 = Debug|x86
		{8626AC10-E83F-496D-9F7B-EFE0168B10C2}.Debug|x86.Deploy.0 = Debug|x86
		{8626AC10-E83F-496D-9F7B-EFE0168B10C2}.Release|Any CPU.ActiveCfg = Release|x86
		{8626AC10-E83F-496D-9F7B-EFE0168B10C2}.Release|Any CPU.Build.0 = Release|x86
		{8626AC10-E83F-496D-9F7B-EFE0168B10C2}.Release|Any CPU.Deploy.0 = Release|x86
		{8626AC10-E83F-496D-9F7B-EFE0168B10C2}.Release|ARM.ActiveCfg = Release|ARM
		{8626AC10-E83F-496D-9F7B-EFE0168B10C2}.Release|ARM.Build.0 = Release|ARM
		{8626AC10-E83F-496D-9F7B-EFE0168B10C2}.Release|ARM.Deploy.0 = Release|ARM
		{8626AC10-E83F-496D-9F7B-EFE0168B10C2}.Release|iPhone.ActiveCfg = Release|x86
		{8626AC10-E83F-496D-9F7B-EFE0168B10C2}.Release|iPhone.Build.0 = Release|x86
		{8626AC10-E83F-496D-9F7B-EFE0168B10C2}.Release|iPhone.Deploy.0 = Release|x86
		{8626AC10-E83F-496D-9F7B-EFE0168B10C2}.Release|iPhoneSimulator.ActiveCfg = Release|x86
		{8626AC10-E83F-496D-9F7B-EFE0168B10C2}.Release|iPhoneSimulator.Build.0 = Release|x86
		{8626AC10-E83F-496D-9F7B-EFE0168B10C2}.Release|iPhoneSimulator.Deploy.0 = Release|x86
		{8626AC10-E83F-496D-9F7B-EFE0168B10C2}.Release|x64.ActiveCfg = Release|x64
		{8626AC10-E83F-496D-9F7B-EFE0168B10C2}.Release|x64.Build.0 = Release|x64
		{8626AC10-E83F-496D-9F7B-EFE0168B10C2}.Release|x64.Deploy.0 = Release|x64
		{8626AC10-E83F-496D-9F7B-EFE0168B10C2}.Release|x86.ActiveCfg = Release|x86
		{8626AC10-E83F-496D-9F7B-EFE0168B10C2}.Release|x86.Build.0 = Release|x86
		{8626AC10-E83F-496D-9F7B-EFE0168B10C2}.Release|x86.Deploy.0 = Release|x86
		{B104FD4C-7E51-425B-B248-EFFC14B5AD61}.Ad-Hoc|Any CPU.ActiveCfg = Debug|Any CPU
		{B104FD4C-7E51-425B-B248-EFFC14B5AD61}.Ad-Hoc|Any CPU.Build.0 = Debug|Any CPU
		{B104FD4C-7E51-425B-B248-EFFC14B5AD61}.Ad-Hoc|Any CPU.Deploy.0 = Debug|Any CPU
		{B104FD4C-7E51-425B-B248-EFFC14B5AD61}.Ad-Hoc|ARM.ActiveCfg = Debug|Any CPU
		{B104FD4C-7E51-425B-B248-EFFC14B5AD61}.Ad-Hoc|ARM.Build.0 = Debug|Any CPU
		{B104FD4C-7E51-425B-B248-EFFC14B5AD61}.Ad-Hoc|ARM.Deploy.0 = Debug|Any CPU
		{B104FD4C-7E51-425B-B248-EFFC14B5AD61}.Ad-Hoc|iPhone.ActiveCfg = Debug|Any CPU
		{B104FD4C-7E51-425B-B248-EFFC14B5AD61}.Ad-Hoc|iPhone.Build.0 = Debug|Any CPU
		{B104FD4C-7E51-425B-B248-EFFC14B5AD61}.Ad-Hoc|iPhone.Deploy.0 = Debug|Any CPU
		{B104FD4C-7E51-425B-B248-EFFC14B5AD61}.Ad-Hoc|iPhoneSimulator.ActiveCfg = Debug|Any CPU
		{B104FD4C-7E51-425B-B248-EFFC14B5AD61}.Ad-Hoc|iPhoneSimulator.Build.0 = Debug|Any CPU
		{B104FD4C-7E51-425B-B248-EFFC14B5AD61}.Ad-Hoc|iPhoneSimulator.Deploy.0 = Debug|Any CPU
		{B104FD4C-7E51-425B-B248-EFFC14B5AD61}.Ad-Hoc|x64.ActiveCfg = Debug|Any CPU
		{B104FD4C-7E51-425B-B248-EFFC14B5AD61}.Ad-Hoc|x64.Build.0 = Debug|Any CPU
		{B104FD4C-7E51-425B-B248-EFFC14B5AD61}.Ad-Hoc|x64.Deploy.0 = Debug|Any CPU
		{B104FD4C-7E51-425B-B248-EFFC14B5AD61}.Ad-Hoc|x86.ActiveCfg = Debug|Any CPU
		{B104FD4C-7E51-425B-B248-EFFC14B5AD61}.Ad-Hoc|x86.Build.0 = Debug|Any CPU
		{B104FD4C-7E51-425B-B248-EFFC14B5AD61}.Ad-Hoc|x86.Deploy.0 = Debug|Any CPU
		{B104FD4C-7E51-425B-B248-EFFC14B5AD61}.AppStore|Any CPU.ActiveCfg = Debug|Any CPU
		{B104FD4C-7E51-425B-B248-EFFC14B5AD61}.AppStore|Any CPU.Build.0 = Debug|Any CPU
		{B104FD4C-7E51-425B-B248-EFFC14B5AD61}.AppStore|Any CPU.Deploy.0 = Debug|Any CPU
		{B104FD4C-7E51-425B-B248-EFFC14B5AD61}.AppStore|ARM.ActiveCfg = Debug|Any CPU
		{B104FD4C-7E51-425B-B248-EFFC14B5AD61}.AppStore|ARM.Build.0 = Debug|Any CPU
		{B104FD4C-7E51-425B-B248-EFFC14B5AD61}.AppStore|ARM.Deploy.0 = Debug|Any CPU
		{B104FD4C-7E51-425B-B248-EFFC14B5AD61}.AppStore|iPhone.ActiveCfg = Debug|Any CPU
		{B104FD4C-7E51-425B-B248-EFFC14B5AD61}.AppStore|iPhone.Build.0 = Debug|Any CPU
		{B104FD4C-7E51-425B-B248-EFFC14B5AD61}.AppStore|iPhone.Deploy.0 = Debug|Any CPU
		{B104FD4C-7E51-425B-B248-EFFC14B5AD61}.AppStore|iPhoneSimulator.ActiveCfg = Debug|Any CPU
		{B104FD4C-7E51-425B-B248-EFFC14B5AD61}.AppStore|iPhoneSimulator.Build.0 = Debug|Any CPU
		{B104FD4C-7E51-425B-B248-EFFC14B5AD61}.AppStore|iPhoneSimulator.Deploy.0 = Debug|Any CPU
		{B104FD4C-7E51-425B-B248-EFFC14B5AD61}.AppStore|x64.ActiveCfg = Debug|Any CPU
		{B104FD4C-7E51-425B-B248-EFFC14B5AD61}.AppStore|x64.Build.0 = Debug|Any CPU
		{B104FD4C-7E51-425B-B248-EFFC14B5AD61}.AppStore|x64.Deploy.0 = Debug|Any CPU
		{B104FD4C-7E51-425B-B248-EFFC14B5AD61}.AppStore|x86.ActiveCfg = Debug|Any CPU
		{B104FD4C-7E51-425B-B248-EFFC14B5AD61}.AppStore|x86.Build.0 = Debug|Any CPU
		{B104FD4C-7E51-425B-B248-EFFC14B5AD61}.AppStore|x86.Deploy.0 = Debug|Any CPU
		{B104FD4C-7E51-425B-B248-EFFC14B5AD61}.Debug|Any CPU.ActiveCfg = Debug|Any CPU
		{B104FD4C-7E51-425B-B248-EFFC14B5AD61}.Debug|Any CPU.Build.0 = Debug|Any CPU
		{B104FD4C-7E51-425B-B248-EFFC14B5AD61}.Debug|Any CPU.Deploy.0 = Debug|Any CPU
		{B104FD4C-7E51-425B-B248-EFFC14B5AD61}.Debug|ARM.ActiveCfg = Debug|Any CPU
		{B104FD4C-7E51-425B-B248-EFFC14B5AD61}.Debug|ARM.Build.0 = Debug|Any CPU
		{B104FD4C-7E51-425B-B248-EFFC14B5AD61}.Debug|ARM.Deploy.0 = Debug|Any CPU
		{B104FD4C-7E51-425B-B248-EFFC14B5AD61}.Debug|iPhone.ActiveCfg = Debug|Any CPU
		{B104FD4C-7E51-425B-B248-EFFC14B5AD61}.Debug|iPhone.Build.0 = Debug|Any CPU
		{B104FD4C-7E51-425B-B248-EFFC14B5AD61}.Debug|iPhone.Deploy.0 = Debug|Any CPU
		{B104FD4C-7E51-425B-B248-EFFC14B5AD61}.Debug|iPhoneSimulator.ActiveCfg = Debug|Any CPU
		{B104FD4C-7E51-425B-B248-EFFC14B5AD61}.Debug|iPhoneSimulator.Build.0 = Debug|Any CPU
		{B104FD4C-7E51-425B-B248-EFFC14B5AD61}.Debug|iPhoneSimulator.Deploy.0 = Debug|Any CPU
		{B104FD4C-7E51-425B-B248-EFFC14B5AD61}.Debug|x64.ActiveCfg = Debug|Any CPU
		{B104FD4C-7E51-425B-B248-EFFC14B5AD61}.Debug|x64.Build.0 = Debug|Any CPU
		{B104FD4C-7E51-425B-B248-EFFC14B5AD61}.Debug|x64.Deploy.0 = Debug|Any CPU
		{B104FD4C-7E51-425B-B248-EFFC14B5AD61}.Debug|x86.ActiveCfg = Debug|Any CPU
		{B104FD4C-7E51-425B-B248-EFFC14B5AD61}.Debug|x86.Build.0 = Debug|Any CPU
		{B104FD4C-7E51-425B-B248-EFFC14B5AD61}.Debug|x86.Deploy.0 = Debug|Any CPU
		{B104FD4C-7E51-425B-B248-EFFC14B5AD61}.Release|Any CPU.ActiveCfg = Release|Any CPU
		{B104FD4C-7E51-425B-B248-EFFC14B5AD61}.Release|Any CPU.Build.0 = Release|Any CPU
		{B104FD4C-7E51-425B-B248-EFFC14B5AD61}.Release|Any CPU.Deploy.0 = Release|Any CPU
		{B104FD4C-7E51-425B-B248-EFFC14B5AD61}.Release|ARM.ActiveCfg = Release|Any CPU
		{B104FD4C-7E51-425B-B248-EFFC14B5AD61}.Release|ARM.Build.0 = Release|Any CPU
		{B104FD4C-7E51-425B-B248-EFFC14B5AD61}.Release|ARM.Deploy.0 = Release|Any CPU
		{B104FD4C-7E51-425B-B248-EFFC14B5AD61}.Release|iPhone.ActiveCfg = Release|Any CPU
		{B104FD4C-7E51-425B-B248-EFFC14B5AD61}.Release|iPhone.Build.0 = Release|Any CPU
		{B104FD4C-7E51-425B-B248-EFFC14B5AD61}.Release|iPhone.Deploy.0 = Release|Any CPU
		{B104FD4C-7E51-425B-B248-EFFC14B5AD61}.Release|iPhoneSimulator.ActiveCfg = Release|Any CPU
		{B104FD4C-7E51-425B-B248-EFFC14B5AD61}.Release|iPhoneSimulator.Build.0 = Release|Any CPU
		{B104FD4C-7E51-425B-B248-EFFC14B5AD61}.Release|iPhoneSimulator.Deploy.0 = Release|Any CPU
		{B104FD4C-7E51-425B-B248-EFFC14B5AD61}.Release|x64.ActiveCfg = Release|Any CPU
		{B104FD4C-7E51-425B-B248-EFFC14B5AD61}.Release|x64.Build.0 = Release|Any CPU
		{B104FD4C-7E51-425B-B248-EFFC14B5AD61}.Release|x64.Deploy.0 = Release|Any CPU
		{B104FD4C-7E51-425B-B248-EFFC14B5AD61}.Release|x86.ActiveCfg = Release|Any CPU
		{B104FD4C-7E51-425B-B248-EFFC14B5AD61}.Release|x86.Build.0 = Release|Any CPU
		{B104FD4C-7E51-425B-B248-EFFC14B5AD61}.Release|x86.Deploy.0 = Release|Any CPU
	EndGlobalSection
	GlobalSection(SolutionProperties) = preSolution
		HideSolutionNode = FALSE
	EndGlobalSection
	GlobalSection(ExtensibilityGlobals) = postSolution
		SolutionGuid = {C227D7AB-E1BE-46EF-890A-7046BAE76465}
	EndGlobalSection
EndGlobal
